
Microsoft Visual Studio Solution File, Format Version 12.00
# Visual Studio Version 16
VisualStudioVersion = 16.0.31829.152
MinimumVisualStudioVersion = 10.0.40219.1
Project("{FAE04EC0-301F-11D3-BF4B-00C04F79EFBC}") = "Lab1", "Lab1\Lab1.csproj", "{226A987E-50C1-4533-9D2E-0C83081FEEFE}"
EndProject
Global
	GlobalSection(SolutionConfigurationPlatforms) = preSolution
		Debug|Any CPU = Debug|Any CPU
		Release|Any CPU = Release|Any CPU
	EndGlobalSection
	GlobalSection(ProjectConfigurationPlatforms) = postSolution
		{226A987E-50C1-4533-9D2E-0C83081FEEFE}.Debug|Any CPU.ActiveCfg = Debug|Any CPU
		{226A987E-50C1-4533-9D2E-0C83081FEEFE}.Debug|Any CPU.Build.0 = Debug|Any CPU
		{226A987E-50C1-4533-9D2E-0C83081FEEFE}.Release|Any CPU.ActiveCfg = Release|Any CPU
		{226A987E-50C1-4533-9D2E-0C83081FEEFE}.Release|Any CPU.Build.0 = Release|Any CPU
	EndGlobalSection
	GlobalSection(SolutionProperties) = preSolution
		HideSolutionNode = FALSE
	EndGlobalSection
	GlobalSection(ExtensibilityGlobals) = postSolution
		SolutionGuid = {B3933EC1-48CD-4281-A875-8FECE0E43E9C}
	EndGlobalSection
EndGlobal
